
Microsoft Visual Studio Solution File, Format Version 12.00
# Visual Studio Version 17
VisualStudioVersion = 17.1.32407.343
MinimumVisualStudioVersion = 10.0.40219.1
Project("{FAE04EC0-301F-11D3-BF4B-00C04F79EFBC}") = "ExtendedStorage", "ExtendedStorage.csproj", "{EBDA15F2-DDD8-4EDF-B210-AAB8BFA4E5C8}"
EndProject
Global
	GlobalSection(SolutionConfigurationPlatforms) = preSolution
		Debug|Any CPU = Debug|Any CPU
		Debug|ARM = Debug|ARM
		Debug|ARM64 = Debug|ARM64
		Debug|x64 = Debug|x64
		Debug|x86 = Debug|x86
		Release|Any CPU = Release|Any CPU
		Release|ARM = Release|ARM
		Release|ARM64 = Release|ARM64
		Release|x64 = Release|x64
		Release|x86 = Release|x86
	EndGlobalSection
	GlobalSection(ProjectConfigurationPlatforms) = postSolution
		{EBDA15F2-DDD8-4EDF-B210-AAB8BFA4E5C8}.Debug|Any CPU.ActiveCfg = Debug|x64
		{EBDA15F2-DDD8-4EDF-B210-AAB8BFA4E5C8}.Debug|ARM.ActiveCfg = Debug|ARM
		{EBDA15F2-DDD8-4EDF-B210-AAB8BFA4E5C8}.Debug|ARM.Build.0 = Debug|ARM
		{EBDA15F2-DDD8-4EDF-B210-AAB8BFA4E5C8}.Debug|ARM64.ActiveCfg = Debug|ARM64
		{EBDA15F2-DDD8-4EDF-B210-AAB8BFA4E5C8}.Debug|ARM64.Build.0 = Debug|ARM64
		{EBDA15F2-DDD8-4EDF-B210-AAB8BFA4E5C8}.Debug|x64.ActiveCfg = Debug|x64
		{EBDA15F2-DDD8-4EDF-B210-AAB8BFA4E5C8}.Debug|x64.Build.0 = Debug|x64
		{EBDA15F2-DDD8-4EDF-B210-AAB8BFA4E5C8}.Debug|x86.ActiveCfg = Debug|x86
		{EBDA15F2-DDD8-4EDF-B210-AAB8BFA4E5C8}.Debug|x86.Build.0 = Debug|x86
		{EBDA15F2-DDD8-4EDF-B210-AAB8BFA4E5C8}.Release|Any CPU.ActiveCfg = Release|x64
		{EBDA15F2-DDD8-4EDF-B210-AAB8BFA4E5C8}.Release|ARM.ActiveCfg = Release|ARM
		{EBDA15F2-DDD8-4EDF-B210-AAB8BFA4E5C8}.Release|ARM.Build.0 = Release|ARM
		{EBDA15F2-DDD8-4EDF-B210-AAB8BFA4E5C8}.Release|ARM64.ActiveCfg = Release|ARM64
		{EBDA15F2-DDD8-4EDF-B210-AAB8BFA4E5C8}.Release|ARM64.Build.0 = Release|ARM64
		{EBDA15F2-DDD8-4EDF-B210-AAB8BFA4E5C8}.Release|x64.ActiveCfg = Release|x64
		{EBDA15F2-DDD8-4EDF-B210-AAB8BFA4E5C8}.Release|x64.Build.0 = Release|x64
		{EBDA15F2-DDD8-4EDF-B210-AAB8BFA4E5C8}.Release|x86.ActiveCfg = Release|x86
		{EBDA15F2-DDD8-4EDF-B210-AAB8BFA4E5C8}.Release|x86.Build.0 = Release|x86
	EndGlobalSection
	GlobalSection(SolutionProperties) = preSolution
		HideSolutionNode = FALSE
	EndGlobalSection
	GlobalSection(ExtensibilityGlobals) = postSolution
		SolutionGuid = {F122BFED-7A63-4598-AAC6-ABD2E2B57B39}
	EndGlobalSection
EndGlobal
